
Microsoft Visual Studio Solution File, Format Version 12.00
# Visual Studio 2013
VisualStudioVersion = 12.0.31101.0
MinimumVisualStudioVersion = 10.0.40219.1
Project("{FAE04EC0-301F-11D3-BF4B-00C04F79EFBC}") = "YooPoon.Core", "YooPoon.Core\YooPoon.Core.csproj", "{9E9ECF02-0EEC-449D-8756-E1515D9F8EC8}"
EndProject
Project("{FAE04EC0-301F-11D3-BF4B-00C04F79EFBC}") = "YooPoon.Data", "YooPoon.Data\YooPoon.Data.csproj", "{2C74C9CF-A131-49E2-99BF-717315B46B4B}"
EndProject
Project("{FAE04EC0-301F-11D3-BF4B-00C04F79EFBC}") = "YooPoon.Common", "YooPoon.Common\YooPoon.Common.csproj", "{A09E564C-EC00-4BFA-ACFD-371B45ABEEED}"
EndProject
Project("{FAE04EC0-301F-11D3-BF4B-00C04F79EFBC}") = "YooPoon.WebFramework", "YooPoon.WebFramework\YooPoon.WebFramework.csproj", "{AE97A52E-B5F5-469D-95CB-94E14883AD01}"
EndProject
Project("{FAE04EC0-301F-11D3-BF4B-00C04F79EFBC}") = "YP.CodeGen", "YP.CodeGen\YP.CodeGen.csproj", "{4CDF48D9-0088-4C22-897D-9F8799B57883}"
EndProject
Project("{2150E333-8FDC-42A3-9474-1A3956D46DE8}") = "lib", "lib", "{189B5F72-96EA-461C-9B86-D23E9B787993}"
EndProject
Project("{2150E333-8FDC-42A3-9474-1A3956D46DE8}") = ".nuget", ".nuget", "{1F4F834E-3D9F-4FCB-92BB-5B95BFB59EDA}"
	ProjectSection(SolutionItems) = preProject
		.nuget\NuGet.Config = .nuget\NuGet.Config
		.nuget\NuGet.exe = .nuget\NuGet.exe
		.nuget\NuGet.targets = .nuget\NuGet.targets
	EndProjectSection
EndProject
Project("{2150E333-8FDC-42A3-9474-1A3956D46DE8}") = "CMS", "CMS", "{7322DDEF-DF64-4F0B-AE8A-9BDCCFC9B6C3}"
EndProject
Project("{2150E333-8FDC-42A3-9474-1A3956D46DE8}") = "CRM", "CRM", "{A9AC119B-8391-44B4-BD7B-40D5311A5805}"
EndProject
Project("{2150E333-8FDC-42A3-9474-1A3956D46DE8}") = "Trading", "Trading", "{B5FD2D2A-28A0-48AB-A2FA-845F4E80606A}"
EndProject
Project("{2150E333-8FDC-42A3-9474-1A3956D46DE8}") = "UserCenter", "UserCenter", "{887D64D9-4029-4C5D-8285-874F8F0B2608}"
EndProject
Project("{2150E333-8FDC-42A3-9474-1A3956D46DE8}") = "plugin", "plugin", "{C5D7129F-F480-4DDB-95BB-B4946EC6C087}"
EndProject
Project("{2150E333-8FDC-42A3-9474-1A3956D46DE8}") = "API", "API", "{7BCF5AC0-0521-4A97-88B0-CC061162AEB5}"
EndProject
Project("{2150E333-8FDC-42A3-9474-1A3956D46DE8}") = "Common", "Common", "{64210B8F-BE0A-4B4C-98F5-1944A731C0C5}"
EndProject
Project("{FAE04EC0-301F-11D3-BF4B-00C04F79EFBC}") = "Zerg.Common", "Zerg.Common\Zerg.Common.csproj", "{DB11F281-E24F-4237-B77F-0CFDCF8DD647}"
EndProject
Project("{FAE04EC0-301F-11D3-BF4B-00C04F79EFBC}") = "Zerg", "Zerg\Zerg.csproj", "{71420E36-A2E9-452B-A8D5-28445BE73589}"
EndProject
Project("{FAE04EC0-301F-11D3-BF4B-00C04F79EFBC}") = "Zerg.Tests", "Zerg.Tests\Zerg.Tests.csproj", "{814BB227-1C35-4BC9-AE76-21E25E65BE25}"
EndProject
Project("{FAE04EC0-301F-11D3-BF4B-00C04F79EFBC}") = "CMS.Entity", "CMS.Entity\CMS.Entity.csproj", "{DF25F940-2FEA-43F5-BD41-CBE319688651}"
EndProject
Project("{FAE04EC0-301F-11D3-BF4B-00C04F79EFBC}") = "CMS.Service", "CMS.Service\CMS.Service.csproj", "{6B9731E4-A77E-4D96-90EA-28032A8BA7E1}"
EndProject
Project("{FAE04EC0-301F-11D3-BF4B-00C04F79EFBC}") = "CRM.Entity", "CRM.Entity\CRM.Entity.csproj", "{26E023FE-C94F-440A-8192-D33E22CA09BD}"
EndProject
Project("{FAE04EC0-301F-11D3-BF4B-00C04F79EFBC}") = "CRM.Service", "CRM.Service\CRM.Service.csproj", "{36DC7784-4BA6-467D-A20F-B7DFCCF815FC}"
EndProject
Project("{FAE04EC0-301F-11D3-BF4B-00C04F79EFBC}") = "Trading.Entity", "Trading.Entity\Trading.Entity.csproj", "{596115C3-B475-4E05-9FFB-678A5683E98A}"
EndProject
Project("{FAE04EC0-301F-11D3-BF4B-00C04F79EFBC}") = "Trading.Service", "Trading.Service\Trading.Service.csproj", "{54B84267-E248-4253-BD2B-D338B06FBB21}"
EndProject
Project("{FAE04EC0-301F-11D3-BF4B-00C04F79EFBC}") = "UserCenter.Entity", "UserCenter.Entity\UserCenter.Entity.csproj", "{486DF50A-6DB7-423E-9F87-A17EA360C284}"
EndProject
Project("{FAE04EC0-301F-11D3-BF4B-00C04F79EFBC}") = "UserCenter.Service", "UserCenter.Service\UserCenter.Service.csproj", "{2653E0BF-AB90-4167-B414-51E181ED3957}"
EndProject
Project("{2150E333-8FDC-42A3-9474-1A3956D46DE8}") = "Tests", "Tests", "{E61270A5-0EF5-4673-9E37-00FBEE3C148F}"
EndProject
Project("{FAE04EC0-301F-11D3-BF4B-00C04F79EFBC}") = "CMS.Tests", "CMS.Tests\CMS.Tests.csproj", "{EC9B134B-E49A-48F1-B505-2916077F3053}"
EndProject
Project("{FAE04EC0-301F-11D3-BF4B-00C04F79EFBC}") = "CRM.Tests", "CRM.Tests\CRM.Tests.csproj", "{39733B49-2D32-45AD-A4BB-49EA712D1026}"
EndProject
Project("{FAE04EC0-301F-11D3-BF4B-00C04F79EFBC}") = "Trading.Tests", "Trading.Tests\Trading.Tests.csproj", "{CBA33693-8030-48CB-9A2E-1586D4BF5884}"
EndProject
Project("{FAE04EC0-301F-11D3-BF4B-00C04F79EFBC}") = "UserCenter.Tests", "UserCenter\UserCenter.Tests.csproj", "{A5A9E1DD-1379-4ECE-BF9E-E32F5BD8F527}"
EndProject
Project("{FAE04EC0-301F-11D3-BF4B-00C04F79EFBC}") = "Zerg.Base", "Zerg.Base\Zerg.Base.csproj", "{51B7FC52-21E7-40D1-96D2-D0867932B4A5}"
EndProject
Global
	GlobalSection(SolutionConfigurationPlatforms) = preSolution
		Debug|Any CPU = Debug|Any CPU
		Release|Any CPU = Release|Any CPU
	EndGlobalSection
	GlobalSection(ProjectConfigurationPlatforms) = postSolution
		{9E9ECF02-0EEC-449D-8756-E1515D9F8EC8}.Debug|Any CPU.ActiveCfg = Debug|Any CPU
		{9E9ECF02-0EEC-449D-8756-E1515D9F8EC8}.Debug|Any CPU.Build.0 = Debug|Any CPU
		{9E9ECF02-0EEC-449D-8756-E1515D9F8EC8}.Release|Any CPU.ActiveCfg = Release|Any CPU
		{9E9ECF02-0EEC-449D-8756-E1515D9F8EC8}.Release|Any CPU.Build.0 = Release|Any CPU
		{2C74C9CF-A131-49E2-99BF-717315B46B4B}.Debug|Any CPU.ActiveCfg = Debug|Any CPU
		{2C74C9CF-A131-49E2-99BF-717315B46B4B}.Debug|Any CPU.Build.0 = Debug|Any CPU
		{2C74C9CF-A131-49E2-99BF-717315B46B4B}.Release|Any CPU.ActiveCfg = Release|Any CPU
		{2C74C9CF-A131-49E2-99BF-717315B46B4B}.Release|Any CPU.Build.0 = Release|Any CPU
		{A09E564C-EC00-4BFA-ACFD-371B45ABEEED}.Debug|Any CPU.ActiveCfg = Debug|Any CPU
		{A09E564C-EC00-4BFA-ACFD-371B45ABEEED}.Debug|Any CPU.Build.0 = Debug|Any CPU
		{A09E564C-EC00-4BFA-ACFD-371B45ABEEED}.Release|Any CPU.ActiveCfg = Release|Any CPU
		{A09E564C-EC00-4BFA-ACFD-371B45ABEEED}.Release|Any CPU.Build.0 = Release|Any CPU
		{AE97A52E-B5F5-469D-95CB-94E14883AD01}.Debug|Any CPU.ActiveCfg = Debug|Any CPU
		{AE97A52E-B5F5-469D-95CB-94E14883AD01}.Debug|Any CPU.Build.0 = Debug|Any CPU
		{AE97A52E-B5F5-469D-95CB-94E14883AD01}.Release|Any CPU.ActiveCfg = Release|Any CPU
		{AE97A52E-B5F5-469D-95CB-94E14883AD01}.Release|Any CPU.Build.0 = Release|Any CPU
		{4CDF48D9-0088-4C22-897D-9F8799B57883}.Debug|Any CPU.ActiveCfg = Debug|Any CPU
		{4CDF48D9-0088-4C22-897D-9F8799B57883}.Debug|Any CPU.Build.0 = Debug|Any CPU
		{4CDF48D9-0088-4C22-897D-9F8799B57883}.Release|Any CPU.ActiveCfg = Release|Any CPU
		{4CDF48D9-0088-4C22-897D-9F8799B57883}.Release|Any CPU.Build.0 = Release|Any CPU
		{DB11F281-E24F-4237-B77F-0CFDCF8DD647}.Debug|Any CPU.ActiveCfg = Debug|Any CPU
		{DB11F281-E24F-4237-B77F-0CFDCF8DD647}.Debug|Any CPU.Build.0 = Debug|Any CPU
		{DB11F281-E24F-4237-B77F-0CFDCF8DD647}.Release|Any CPU.ActiveCfg = Release|Any CPU
		{DB11F281-E24F-4237-B77F-0CFDCF8DD647}.Release|Any CPU.Build.0 = Release|Any CPU
		{71420E36-A2E9-452B-A8D5-28445BE73589}.Debug|Any CPU.ActiveCfg = Debug|Any CPU
		{71420E36-A2E9-452B-A8D5-28445BE73589}.Debug|Any CPU.Build.0 = Debug|Any CPU
		{71420E36-A2E9-452B-A8D5-28445BE73589}.Release|Any CPU.ActiveCfg = Release|Any CPU
		{71420E36-A2E9-452B-A8D5-28445BE73589}.Release|Any CPU.Build.0 = Release|Any CPU
		{814BB227-1C35-4BC9-AE76-21E25E65BE25}.Debug|Any CPU.ActiveCfg = Debug|Any CPU
		{814BB227-1C35-4BC9-AE76-21E25E65BE25}.Debug|Any CPU.Build.0 = Debug|Any CPU
		{814BB227-1C35-4BC9-AE76-21E25E65BE25}.Release|Any CPU.ActiveCfg = Release|Any CPU
		{814BB227-1C35-4BC9-AE76-21E25E65BE25}.Release|Any CPU.Build.0 = Release|Any CPU
		{DF25F940-2FEA-43F5-BD41-CBE319688651}.Debug|Any CPU.ActiveCfg = Debug|Any CPU
		{DF25F940-2FEA-43F5-BD41-CBE319688651}.Debug|Any CPU.Build.0 = Debug|Any CPU
		{DF25F940-2FEA-43F5-BD41-CBE319688651}.Release|Any CPU.ActiveCfg = Release|Any CPU
		{DF25F940-2FEA-43F5-BD41-CBE319688651}.Release|Any CPU.Build.0 = Release|Any CPU
		{6B9731E4-A77E-4D96-90EA-28032A8BA7E1}.Debug|Any CPU.ActiveCfg = Debug|Any CPU
		{6B9731E4-A77E-4D96-90EA-28032A8BA7E1}.Debug|Any CPU.Build.0 = Debug|Any CPU
		{6B9731E4-A77E-4D96-90EA-28032A8BA7E1}.Release|Any CPU.ActiveCfg = Release|Any CPU
		{6B9731E4-A77E-4D96-90EA-28032A8BA7E1}.Release|Any CPU.Build.0 = Release|Any CPU
		{26E023FE-C94F-440A-8192-D33E22CA09BD}.Debug|Any CPU.ActiveCfg = Debug|Any CPU
		{26E023FE-C94F-440A-8192-D33E22CA09BD}.Debug|Any CPU.Build.0 = Debug|Any CPU
		{26E023FE-C94F-440A-8192-D33E22CA09BD}.Release|Any CPU.ActiveCfg = Release|Any CPU
		{26E023FE-C94F-440A-8192-D33E22CA09BD}.Release|Any CPU.Build.0 = Release|Any CPU
		{36DC7784-4BA6-467D-A20F-B7DFCCF815FC}.Debug|Any CPU.ActiveCfg = Debug|Any CPU
		{36DC7784-4BA6-467D-A20F-B7DFCCF815FC}.Debug|Any CPU.Build.0 = Debug|Any CPU
		{36DC7784-4BA6-467D-A20F-B7DFCCF815FC}.Release|Any CPU.ActiveCfg = Release|Any CPU
		{36DC7784-4BA6-467D-A20F-B7DFCCF815FC}.Release|Any CPU.Build.0 = Release|Any CPU
		{596115C3-B475-4E05-9FFB-678A5683E98A}.Debug|Any CPU.ActiveCfg = Debug|Any CPU
		{596115C3-B475-4E05-9FFB-678A5683E98A}.Debug|Any CPU.Build.0 = Debug|Any CPU
		{596115C3-B475-4E05-9FFB-678A5683E98A}.Release|Any CPU.ActiveCfg = Release|Any CPU
		{596115C3-B475-4E05-9FFB-678A5683E98A}.Release|Any CPU.Build.0 = Release|Any CPU
		{54B84267-E248-4253-BD2B-D338B06FBB21}.Debug|Any CPU.ActiveCfg = Debug|Any CPU
		{54B84267-E248-4253-BD2B-D338B06FBB21}.Debug|Any CPU.Build.0 = Debug|Any CPU
		{54B84267-E248-4253-BD2B-D338B06FBB21}.Release|Any CPU.ActiveCfg = Release|Any CPU
		{54B84267-E248-4253-BD2B-D338B06FBB21}.Release|Any CPU.Build.0 = Release|Any CPU
		{486DF50A-6DB7-423E-9F87-A17EA360C284}.Debug|Any CPU.ActiveCfg = Debug|Any CPU
		{486DF50A-6DB7-423E-9F87-A17EA360C284}.Debug|Any CPU.Build.0 = Debug|Any CPU
		{486DF50A-6DB7-423E-9F87-A17EA360C284}.Release|Any CPU.ActiveCfg = Release|Any CPU
		{486DF50A-6DB7-423E-9F87-A17EA360C284}.Release|Any CPU.Build.0 = Release|Any CPU
		{2653E0BF-AB90-4167-B414-51E181ED3957}.Debug|Any CPU.ActiveCfg = Debug|Any CPU
		{2653E0BF-AB90-4167-B414-51E181ED3957}.Debug|Any CPU.Build.0 = Debug|Any CPU
		{2653E0BF-AB90-4167-B414-51E181ED3957}.Release|Any CPU.ActiveCfg = Release|Any CPU
		{2653E0BF-AB90-4167-B414-51E181ED3957}.Release|Any CPU.Build.0 = Release|Any CPU
		{EC9B134B-E49A-48F1-B505-2916077F3053}.Debug|Any CPU.ActiveCfg = Debug|Any CPU
		{EC9B134B-E49A-48F1-B505-2916077F3053}.Debug|Any CPU.Build.0 = Debug|Any CPU
		{EC9B134B-E49A-48F1-B505-2916077F3053}.Release|Any CPU.ActiveCfg = Release|Any CPU
		{EC9B134B-E49A-48F1-B505-2916077F3053}.Release|Any CPU.Build.0 = Release|Any CPU
		{39733B49-2D32-45AD-A4BB-49EA712D1026}.Debug|Any CPU.ActiveCfg = Debug|Any CPU
		{39733B49-2D32-45AD-A4BB-49EA712D1026}.Debug|Any CPU.Build.0 = Debug|Any CPU
		{39733B49-2D32-45AD-A4BB-49EA712D1026}.Release|Any CPU.ActiveCfg = Release|Any CPU
		{39733B49-2D32-45AD-A4BB-49EA712D1026}.Release|Any CPU.Build.0 = Release|Any CPU
		{CBA33693-8030-48CB-9A2E-1586D4BF5884}.Debug|Any CPU.ActiveCfg = Debug|Any CPU
		{CBA33693-8030-48CB-9A2E-1586D4BF5884}.Debug|Any CPU.Build.0 = Debug|Any CPU
		{CBA33693-8030-48CB-9A2E-1586D4BF5884}.Release|Any CPU.ActiveCfg = Release|Any CPU
		{CBA33693-8030-48CB-9A2E-1586D4BF5884}.Release|Any CPU.Build.0 = Release|Any CPU
		{A5A9E1DD-1379-4ECE-BF9E-E32F5BD8F527}.Debug|Any CPU.ActiveCfg = Debug|Any CPU
		{A5A9E1DD-1379-4ECE-BF9E-E32F5BD8F527}.Debug|Any CPU.Build.0 = Debug|Any CPU
		{A5A9E1DD-1379-4ECE-BF9E-E32F5BD8F527}.Release|Any CPU.ActiveCfg = Release|Any CPU
		{A5A9E1DD-1379-4ECE-BF9E-E32F5BD8F527}.Release|Any CPU.Build.0 = Release|Any CPU
		{51B7FC52-21E7-40D1-96D2-D0867932B4A5}.Debug|Any CPU.ActiveCfg = Debug|Any CPU
		{51B7FC52-21E7-40D1-96D2-D0867932B4A5}.Debug|Any CPU.Build.0 = Debug|Any CPU
		{51B7FC52-21E7-40D1-96D2-D0867932B4A5}.Release|Any CPU.ActiveCfg = Release|Any CPU
		{51B7FC52-21E7-40D1-96D2-D0867932B4A5}.Release|Any CPU.Build.0 = Release|Any CPU
	EndGlobalSection
	GlobalSection(SolutionProperties) = preSolution
		HideSolutionNode = FALSE
	EndGlobalSection
	GlobalSection(NestedProjects) = preSolution
		{9E9ECF02-0EEC-449D-8756-E1515D9F8EC8} = {189B5F72-96EA-461C-9B86-D23E9B787993}
		{2C74C9CF-A131-49E2-99BF-717315B46B4B} = {189B5F72-96EA-461C-9B86-D23E9B787993}
		{A09E564C-EC00-4BFA-ACFD-371B45ABEEED} = {189B5F72-96EA-461C-9B86-D23E9B787993}
		{AE97A52E-B5F5-469D-95CB-94E14883AD01} = {189B5F72-96EA-461C-9B86-D23E9B787993}
		{4CDF48D9-0088-4C22-897D-9F8799B57883} = {189B5F72-96EA-461C-9B86-D23E9B787993}
		{7322DDEF-DF64-4F0B-AE8A-9BDCCFC9B6C3} = {C5D7129F-F480-4DDB-95BB-B4946EC6C087}
		{A9AC119B-8391-44B4-BD7B-40D5311A5805} = {C5D7129F-F480-4DDB-95BB-B4946EC6C087}
		{B5FD2D2A-28A0-48AB-A2FA-845F4E80606A} = {C5D7129F-F480-4DDB-95BB-B4946EC6C087}
		{887D64D9-4029-4C5D-8285-874F8F0B2608} = {C5D7129F-F480-4DDB-95BB-B4946EC6C087}
		{DB11F281-E24F-4237-B77F-0CFDCF8DD647} = {64210B8F-BE0A-4B4C-98F5-1944A731C0C5}
		{71420E36-A2E9-452B-A8D5-28445BE73589} = {7BCF5AC0-0521-4A97-88B0-CC061162AEB5}
		{814BB227-1C35-4BC9-AE76-21E25E65BE25} = {E61270A5-0EF5-4673-9E37-00FBEE3C148F}
		{DF25F940-2FEA-43F5-BD41-CBE319688651} = {7322DDEF-DF64-4F0B-AE8A-9BDCCFC9B6C3}
		{6B9731E4-A77E-4D96-90EA-28032A8BA7E1} = {7322DDEF-DF64-4F0B-AE8A-9BDCCFC9B6C3}
		{26E023FE-C94F-440A-8192-D33E22CA09BD} = {A9AC119B-8391-44B4-BD7B-40D5311A5805}
		{36DC7784-4BA6-467D-A20F-B7DFCCF815FC} = {A9AC119B-8391-44B4-BD7B-40D5311A5805}
		{596115C3-B475-4E05-9FFB-678A5683E98A} = {B5FD2D2A-28A0-48AB-A2FA-845F4E80606A}
		{54B84267-E248-4253-BD2B-D338B06FBB21} = {B5FD2D2A-28A0-48AB-A2FA-845F4E80606A}
		{486DF50A-6DB7-423E-9F87-A17EA360C284} = {887D64D9-4029-4C5D-8285-874F8F0B2608}
		{2653E0BF-AB90-4167-B414-51E181ED3957} = {887D64D9-4029-4C5D-8285-874F8F0B2608}
		{EC9B134B-E49A-48F1-B505-2916077F3053} = {E61270A5-0EF5-4673-9E37-00FBEE3C148F}
		{39733B49-2D32-45AD-A4BB-49EA712D1026} = {E61270A5-0EF5-4673-9E37-00FBEE3C148F}
		{CBA33693-8030-48CB-9A2E-1586D4BF5884} = {E61270A5-0EF5-4673-9E37-00FBEE3C148F}
		{A5A9E1DD-1379-4ECE-BF9E-E32F5BD8F527} = {E61270A5-0EF5-4673-9E37-00FBEE3C148F}
		{51B7FC52-21E7-40D1-96D2-D0867932B4A5} = {64210B8F-BE0A-4B4C-98F5-1944A731C0C5}
	EndGlobalSection
EndGlobal
